{
  "name": "49-2nd-5Sherlock-backend",
  "lockfileVersion": 3,
  "requires": true,
  "packages": {
    "": {
      "dependencies": {
        "dbmate": "^2.6.0"
      }
    },
    "node_modules/@dbmate/darwin-arm64": {
      "version": "2.6.0",
      "resolved": "https://registry.npmjs.org/@dbmate/darwin-arm64/-/darwin-arm64-2.6.0.tgz",
      "integrity": "sha512-b+jM2L5Ts4h1YiWGI8B6hYfjTyj8Ge9vE3vnjhmB7TSqXxw+DOFtGtXuEFD5eufL1SenBlhoq2O+FaAZsoDKkw==",
      "cpu": [
        "arm64"
      ],
      "optional": true,
      "os": [
        "darwin"
      ]
    },
    "node_modules/@dbmate/darwin-x64": {
      "version": "2.6.0",
      "resolved": "https://registry.npmjs.org/@dbmate/darwin-x64/-/darwin-x64-2.6.0.tgz",
      "integrity": "sha512-g2NzMA02OOiwGQVISJWPLYLi7sSVeoPCFUOq17hOK0X8dAoxPU3U+cBh6GfmFzMUiXt/oVnnz9dCj1hsc4crjg==",
      "cpu": [
        "x64"
      ],
      "optional": true,
      "os": [
        "darwin"
      ]
    },
    "node_modules/@dbmate/linux-arm": {
      "version": "2.6.0",
      "resolved": "https://registry.npmjs.org/@dbmate/linux-arm/-/linux-arm-2.6.0.tgz",
      "integrity": "sha512-jCna7da7vPXcsTlNKHBIuAkPEgsVvNJqvsn5gQk9XbmyUXxsQT1SoBssBSH8nKhp0LOVFk0l0tbu2RmWRC1C1Q==",
      "cpu": [
        "arm"
      ],
      "optional": true,
      "os": [
        "linux"
      ]
    },
    "node_modules/@dbmate/linux-arm64": {
      "version": "2.6.0",
      "resolved": "https://registry.npmjs.org/@dbmate/linux-arm64/-/linux-arm64-2.6.0.tgz",
      "integrity": "sha512-zgKqsnQWaKLPLhpEeK1jVt5EslntdMN98bPzr4LEY6C5BeEMce4Bq2GSpsJDah364U4pUq3Ad4DTBeHSQXUUTg==",
      "cpu": [
        "arm64"
      ],
      "optional": true,
      "os": [
        "linux"
      ]
    },
    "node_modules/@dbmate/linux-ia32": {
      "version": "2.6.0",
      "resolved": "https://registry.npmjs.org/@dbmate/linux-ia32/-/linux-ia32-2.6.0.tgz",
      "integrity": "sha512-Xcfp+Yym8FFSLibfxbIoc56BctSvngtMmEXVL5WRU88QL9OWboXIHnpOwkjEZEYPQeSNnUwaOI+T3hLdfR7atQ==",
      "cpu": [
        "ia32"
      ],
      "optional": true,
      "os": [
        "linux"
      ]
    },
    "node_modules/@dbmate/linux-x64": {
      "version": "2.6.0",
      "resolved": "https://registry.npmjs.org/@dbmate/linux-x64/-/linux-x64-2.6.0.tgz",
      "integrity": "sha512-M+dWa27O02Fm7nFubJsN01Wh4U5TeK049Rm7aSFDddXWs6SP0UtIVgQd5tubxCRdHpu6thiUB81alAe8PY3n9g==",
      "cpu": [
        "x64"
      ],
      "optional": true,
      "os": [
        "linux"
      ]
    },
    "node_modules/@dbmate/win32-x64": {
      "version": "2.6.0",
      "resolved": "https://registry.npmjs.org/@dbmate/win32-x64/-/win32-x64-2.6.0.tgz",
      "integrity": "sha512-4yYW51VwVfzAZhkaQp5OZrkZWjqxFa6zGoSuYNC+0Ra/QZwLWJ7dvUvRtLBNTpzBvvSC6FdaaCHMElDEsfHZrA==",
      "cpu": [
        "x64"
      ],
      "optional": true,
      "os": [
        "win32"
      ]
    },
    "node_modules/dbmate": {
      "version": "2.6.0",
      "resolved": "https://registry.npmjs.org/dbmate/-/dbmate-2.6.0.tgz",
      "integrity": "sha512-VzZPgCE+Vvy+C2Qr1BurZIWFcU8zU55TtFbNWNCiNe8/TnHzE1kykiS5dE83JAHCjXOak30XxO5vZlJ3GkU6EQ==",
      "bin": {
        "dbmate": "dist/cli.js"
      },
      "optionalDependencies": {
        "@dbmate/darwin-arm64": "2.6.0",
        "@dbmate/darwin-x64": "2.6.0",
        "@dbmate/linux-arm": "2.6.0",
        "@dbmate/linux-arm64": "2.6.0",
        "@dbmate/linux-ia32": "2.6.0",
        "@dbmate/linux-x64": "2.6.0",
        "@dbmate/win32-x64": "2.6.0"
      }
    }
  }
}
